
Microsoft Visual Studio Solution File, Format Version 12.00
# Visual Studio Version 17
VisualStudioVersion = 17.14.36603.0 d17.14
MinimumVisualStudioVersion = 10.0.40219.1
Project("{FAE04EC0-301F-11D3-BF4B-00C04F79EFBC}") = "KLineLogger", "KLineLogger\KLineLogger.csproj", "{B27C7DC1-47EE-4C12-9D77-460BBB354D85}"
EndProject
Global
	GlobalSection(SolutionConfigurationPlatforms) = preSolution
		Debug|Any CPU = Debug|Any CPU
		Release|Any CPU = Release|Any CPU
	EndGlobalSection
	GlobalSection(ProjectConfigurationPlatforms) = postSolution
		{B27C7DC1-47EE-4C12-9D77-460BBB354D85}.Debug|Any CPU.ActiveCfg = Debug|Any CPU
		{B27C7DC1-47EE-4C12-9D77-460BBB354D85}.Debug|Any CPU.Build.0 = Debug|Any CPU
		{B27C7DC1-47EE-4C12-9D77-460BBB354D85}.Release|Any CPU.ActiveCfg = Release|Any CPU
		{B27C7DC1-47EE-4C12-9D77-460BBB354D85}.Release|Any CPU.Build.0 = Release|Any CPU
	EndGlobalSection
	GlobalSection(SolutionProperties) = preSolution
		HideSolutionNode = FALSE
	EndGlobalSection
	GlobalSection(ExtensibilityGlobals) = postSolution
		SolutionGuid = {CCC91B52-F61A-4A81-8669-47470A32221F}
	EndGlobalSection
EndGlobal
